{
  "nodes": {
    "nixpkgs": {
      "locked": {
        "lastModified": 1622639289,
        "narHash": "sha256-zsESzVwC0DYVoURVnkHoGtqicdf6fWEOWGREN4TzQQE=",
        "owner": "cipharius",
        "repo": "nixpkgs",
        "rev": "33ad7407713e8b551002e01a2a2d3a9ad96bbaf0",
        "type": "github"
      },
      "original": {
        "owner": "cipharius",
        "ref": "static-haskell-patch",
        "repo": "nixpkgs",
        "type": "github"
      }
    },
    "root": {
      "inputs": {
        "nixpkgs": "nixpkgs"
      }
    }
  },
  "root": "root",
  "version": 7
}
